<?xml version="1.0" encoding="utf-8"?>
<Project ToolsVersion="4.0" xmlns="http://schemas.microsoft.com/developer/msbuild/2003">
  <ItemGroup>
    <Filter Include="Resource Files">
      <UniqueIdentifier>{67DA6AB6-F800-4c08-8B7A-83BB121AAD01}</UniqueIdentifier>
      <Extensions>rc;ico;cur;bmp;dlg;rc2;rct;bin;rgs;gif;jpg;jpeg;jpe;resx;tiff;tif;png;wav;mfcribbon-ms</Extensions>
    </Filter>
    <Filter Include="Lost">
      <UniqueIdentifier>{ae3c330a-f973-4824-98a5-23e75592a09a}</UniqueIdentifier>
    </Filter>
    <Filter Include="Lost\Sokol">
      <UniqueIdentifier>{13aa1408-676a-4864-af5d-11b8b1c147f9}</UniqueIdentifier>
    </Filter>
    <Filter Include="Lost\Managers">
      <UniqueIdentifier>{d5ab8b26-61c2-4c91-a2d9-fd56c7239cb5}</UniqueIdentifier>
    </Filter>
    <Filter Include="Game">
      <UniqueIdentifier>{6080c3fc-5600-43a0-8eff-2e5066fa3546}</UniqueIdentifier>
    </Filter>
    <Filter Include="Lost\Sokol\Imgui">
      <UniqueIdentifier>{d8769021-7f88-476d-9523-e1ac8cd0873d}</UniqueIdentifier>
    </Filter>
    <Filter Include="Game\World">
      <UniqueIdentifier>{8f99d293-819c-4691-9b1a-d70bcb131359}</UniqueIdentifier>
    </Filter>
    <Filter Include="Game\Entity">
      <UniqueIdentifier>{7be1da25-c30c-4ba0-a93f-d95e3c8cf588}</UniqueIdentifier>
    </Filter>
    <Filter Include="Game\Items">
      <UniqueIdentifier>{d791ae1e-8729-4712-8798-b975cd427d13}</UniqueIdentifier>
    </Filter>
  </ItemGroup>
  <ItemGroup>
    <ClInclude Include="Lost\Transform2D.h">
      <Filter>Lost</Filter>
    </ClInclude>
    <ClInclude Include="Lost.h">
      <Filter>Lost</Filter>
    </ClInclude>
    <ClInclude Include="Lost\DeltaTime.h">
      <Filter>Lost</Filter>
    </ClInclude>
    <ClInclude Include="Lost\Camera.h">
      <Filter>Lost</Filter>
    </ClInclude>
    <ClInclude Include="sokol\util\sokol_fontstash.h">
      <Filter>Lost\Sokol</Filter>
    </ClInclude>
    <ClInclude Include="sokol\sokol_gfx.h">
      <Filter>Lost\Sokol</Filter>
    </ClInclude>
    <ClInclude Include="sokol\util\sokol_gfx_imgui.h">
      <Filter>Lost\Sokol</Filter>
    </ClInclude>
    <ClInclude Include="sokol\util\sokol_gl.h">
      <Filter>Lost\Sokol</Filter>
    </ClInclude>
    <ClInclude Include="sokol\sokol_glue.h">
      <Filter>Lost\Sokol</Filter>
    </ClInclude>
    <ClInclude Include="sokol\sokol_gp.h">
      <Filter>Lost\Sokol</Filter>
    </ClInclude>
    <ClInclude Include="sokol\util\sokol_imgui.h">
      <Filter>Lost\Sokol</Filter>
    </ClInclude>
    <ClInclude Include="sokol\sokol_log.h">
      <Filter>Lost\Sokol</Filter>
    </ClInclude>
    <ClInclude Include="sokol\util\sokol_memtrack.h">
      <Filter>Lost\Sokol</Filter>
    </ClInclude>
    <ClInclude Include="sokol\util\sokol_nuklear.h">
      <Filter>Lost\Sokol</Filter>
    </ClInclude>
    <ClInclude Include="sokol\util\sokol_shape.h">
      <Filter>Lost\Sokol</Filter>
    </ClInclude>
    <ClInclude Include="sokol\util\sokol_spine.h">
      <Filter>Lost\Sokol</Filter>
    </ClInclude>
    <ClInclude Include="sokol\sokol_time.h">
      <Filter>Lost\Sokol</Filter>
    </ClInclude>
    <ClInclude Include="sokol\sokol_app.h">
      <Filter>Lost\Sokol</Filter>
    </ClInclude>
    <ClInclude Include="sokol\sokol_args.h">
      <Filter>Lost\Sokol</Filter>
    </ClInclude>
    <ClInclude Include="sokol\sokol_audio.h">
      <Filter>Lost\Sokol</Filter>
    </ClInclude>
    <ClInclude Include="sokol\util\sokol_color.h">
      <Filter>Lost\Sokol</Filter>
    </ClInclude>
    <ClInclude Include="sokol\util\sokol_debugtext.h">
      <Filter>Lost\Sokol</Filter>
    </ClInclude>
    <ClInclude Include="sokol\sokol_fetch.h">
      <Filter>Lost\Sokol</Filter>
    </ClInclude>
    <ClInclude Include="SokolReference.h">
      <Filter>Lost\Sokol</Filter>
    </ClInclude>
    <ClInclude Include="stb_image.h">
      <Filter>Lost\Sokol</Filter>
    </ClInclude>
    <ClInclude Include="STBImplementation.h">
      <Filter>Lost\Sokol</Filter>
    </ClInclude>
    <ClInclude Include="Lost\ImageManager.h">
      <Filter>Lost\Managers</Filter>
    </ClInclude>
    <ClInclude Include="Lost\InputManager.h">
      <Filter>Lost\Managers</Filter>
    </ClInclude>
    <ClInclude Include="Lost\ShaderManager.h">
      <Filter>Lost\Managers</Filter>
    </ClInclude>
    <ClInclude Include="Lost\Image.h">
      <Filter>Lost\Managers</Filter>
    </ClInclude>
    <ClInclude Include="Lost\Shader.h">
      <Filter>Lost\Managers</Filter>
    </ClInclude>
    <ClInclude Include="Tile.h">
      <Filter>Game\World</Filter>
    </ClInclude>
    <ClInclude Include="TileEntity.h">
      <Filter>Game\World</Filter>
    </ClInclude>
    <ClInclude Include="JSON.h">
      <Filter>Lost</Filter>
    </ClInclude>
    <ClInclude Include="TileManager.h">
      <Filter>Game\World</Filter>
    </ClInclude>
    <ClInclude Include="Random.h">
      <Filter>Lost</Filter>
    </ClInclude>
    <ClInclude Include="Lost\LuaInit.h">
      <Filter>Lost</Filter>
    </ClInclude>
    <ClInclude Include="sokol\imgui\imconfig.h">
      <Filter>Lost\Sokol\Imgui</Filter>
    </ClInclude>
    <ClInclude Include="sokol\imgui\imgui.h">
      <Filter>Lost\Sokol\Imgui</Filter>
    </ClInclude>
    <ClInclude Include="sokol\imgui\imgui_impl_opengl3.h">
      <Filter>Lost\Sokol\Imgui</Filter>
    </ClInclude>
    <ClInclude Include="sokol\imgui\imgui_impl_win32.h">
      <Filter>Lost\Sokol\Imgui</Filter>
    </ClInclude>
    <ClInclude Include="sokol\imgui\imgui_internal.h">
      <Filter>Lost\Sokol\Imgui</Filter>
    </ClInclude>
    <ClInclude Include="sokol\imgui\imstb_rectpack.h">
      <Filter>Lost\Sokol\Imgui</Filter>
    </ClInclude>
    <ClInclude Include="sokol\imgui\imstb_textedit.h">
      <Filter>Lost\Sokol\Imgui</Filter>
    </ClInclude>
    <ClInclude Include="sokol\imgui\imstb_truetype.h">
      <Filter>Lost\Sokol\Imgui</Filter>
    </ClInclude>
    <ClInclude Include="Chunk.h">
      <Filter>Game\World</Filter>
    </ClInclude>
    <ClInclude Include="Generator.h">
      <Filter>Game\World</Filter>
    </ClInclude>
    <ClInclude Include="World.h">
      <Filter>Game\World</Filter>
    </ClInclude>
    <ClInclude Include="Collider.h">
      <Filter>Game\Entity</Filter>
    </ClInclude>
    <ClInclude Include="Entity.h">
      <Filter>Game\Entity</Filter>
    </ClInclude>
    <ClInclude Include="Player.h">
      <Filter>Game\Entity</Filter>
    </ClInclude>
    <ClInclude Include="Item.h">
      <Filter>Game\Items</Filter>
    </ClInclude>
    <ClInclude Include="ItemManager.h">
      <Filter>Game\Items</Filter>
    </ClInclude>
  </ItemGroup>
  <ItemGroup>
    <ClCompile Include="Lost\Camera.cpp">
      <Filter>Lost</Filter>
    </ClCompile>
    <ClCompile Include="Lost\DeltaTime.cpp">
      <Filter>Lost</Filter>
    </ClCompile>
    <ClCompile Include="Lost.cpp">
      <Filter>Lost</Filter>
    </ClCompile>
    <ClCompile Include="Lost\ImageManager.cpp">
      <Filter>Lost\Managers</Filter>
    </ClCompile>
    <ClCompile Include="Lost\InputManager.cpp">
      <Filter>Lost\Managers</Filter>
    </ClCompile>
    <ClCompile Include="Lost\ShaderManager.cpp">
      <Filter>Lost\Managers</Filter>
    </ClCompile>
    <ClCompile Include="Lost\Image.cpp">
      <Filter>Lost\Managers</Filter>
    </ClCompile>
    <ClCompile Include="Lost\Shader.cpp">
      <Filter>Lost\Managers</Filter>
    </ClCompile>
    <ClCompile Include="Main.cpp">
      <Filter>Game</Filter>
    </ClCompile>
    <ClCompile Include="Tile.cpp">
      <Filter>Game\World</Filter>
    </ClCompile>
    <ClCompile Include="TileEntity.cpp">
      <Filter>Game\World</Filter>
    </ClCompile>
    <ClCompile Include="JSON.cpp">
      <Filter>Lost</Filter>
    </ClCompile>
    <ClCompile Include="TileManager.cpp">
      <Filter>Game\World</Filter>
    </ClCompile>
    <ClCompile Include="Lost\LuaInit.cpp">
      <Filter>Lost</Filter>
    </ClCompile>
    <ClCompile Include="sokol\imgui\imgui.cpp">
      <Filter>Lost\Sokol\Imgui</Filter>
    </ClCompile>
    <ClCompile Include="sokol\imgui\imgui_demo.cpp">
      <Filter>Lost\Sokol\Imgui</Filter>
    </ClCompile>
    <ClCompile Include="sokol\imgui\imgui_draw.cpp">
      <Filter>Lost\Sokol\Imgui</Filter>
    </ClCompile>
    <ClCompile Include="sokol\imgui\imgui_impl_opengl3.cpp">
      <Filter>Lost\Sokol\Imgui</Filter>
    </ClCompile>
    <ClCompile Include="sokol\imgui\imgui_impl_win32.cpp">
      <Filter>Lost\Sokol\Imgui</Filter>
    </ClCompile>
    <ClCompile Include="sokol\imgui\imgui_tables.cpp">
      <Filter>Lost\Sokol\Imgui</Filter>
    </ClCompile>
    <ClCompile Include="sokol\imgui\imgui_widgets.cpp">
      <Filter>Lost\Sokol\Imgui</Filter>
    </ClCompile>
    <ClCompile Include="Chunk.cpp">
      <Filter>Game\World</Filter>
    </ClCompile>
    <ClCompile Include="Generator.cpp">
      <Filter>Game\World</Filter>
    </ClCompile>
    <ClCompile Include="World.cpp">
      <Filter>Game\World</Filter>
    </ClCompile>
    <ClCompile Include="Collider.cpp">
      <Filter>Game\Entity</Filter>
    </ClCompile>
    <ClCompile Include="Entity.cpp">
      <Filter>Game\Entity</Filter>
    </ClCompile>
    <ClCompile Include="Player.cpp">
      <Filter>Game\Entity</Filter>
    </ClCompile>
    <ClCompile Include="Item.cpp">
      <Filter>Game\Items</Filter>
    </ClCompile>
    <ClCompile Include="ItemManager.cpp">
      <Filter>Game\Items</Filter>
    </ClCompile>
  </ItemGroup>
</Project>